Microsoft Visual Studio Solution File, Format Version 9.00
# Visual Studio 2005
Project("{FAE04EC0-301F-11D3-BF4B-00C04F79EFBC}") = "RemindersFormExample", "RemindersFormExample\RemindersFormExample.csproj", "{3480AE27-F19F-4FD5-9809-BBB9744A6DD5}"
	ProjectSection(WebsiteProperties) = preProject
		Debug.AspNetCompiler.Debug = "True"
		Release.AspNetCompiler.Debug = "False"
	EndProjectSection
EndProject
Global
	GlobalSection(SolutionConfigurationPlatforms) = preSolution
		Debug|Any CPU = Debug|Any CPU
		Release|Any CPU = Release|Any CPU
	EndGlobalSection
	GlobalSection(ProjectConfigurationPlatforms) = postSolution
		{3480AE27-F19F-4FD5-9809-BBB9744A6DD5}.Debug|Any CPU.ActiveCfg = Debug|Any CPU
		{3480AE27-F19F-4FD5-9809-BBB9744A6DD5}.Debug|Any CPU.Build.0 = Debug|Any CPU
		{3480AE27-F19F-4FD5-9809-BBB9744A6DD5}.Release|Any CPU.ActiveCfg = Release|Any CPU
		{3480AE27-F19F-4FD5-9809-BBB9744A6DD5}.Release|Any CPU.Build.0 = Release|Any CPU
	EndGlobalSection
	GlobalSection(SolutionProperties) = preSolution
		HideSolutionNode = FALSE
	EndGlobalSection
EndGlobal
